filippo.io/edwards25519 v1.1.0/go.mod h1:BxyFTGdWcka3PhytdK4V28tE5sGfRvvvRV7EaN4VDT4=
github.com/davecgh/go-spew v1.1.1 h1:vj9j/u1bqnvCEfJOwUhtlOARqs3+rkHYY13jYWTU97c=
github.com/davecgh/go-spew v1.1.1/go.mod h1:J7Y8YcW2NihsgmVo/mv3lAwl/skON4iLHjSsI+c5H38=
github.com/go-sql-driver/mysql v1.8.1/go.mod h1:wEBSXgmK//2ZFJyE+qWnIsVGmvmEKlqwuVSjsCm7DZg=
github.com/jmoiron/sqlx v1.4.0 h1:1PLqN7S1UYp5t4SrVVnt4nUVNemrDAtxlulVe+Qgm3o=
github.com/jmoiron/sqlx v1.4.0/go.mod h1:ZrZ7UsYB/weZdl2Bxg6jCRO9c3YHl8r3ahlKmRT4JLY=
github.com/lib/pq v1.10.9 h1:YXG7RB+JIjhP29X+OtkiDnYaXQwpS4JEWq7dtCCRUEw=
github.com/lib/pq v1.10.9/go.mod h1:AlVN5x4E4T544tWzH6hKfbfQvm3HdbOxrmggDNAPY9o=
github.com/mattn/go-sqlite3 v1.14.22/go.mod h1:Uh1q+B4BYcTPb+yiD3kU8Ct7aC0hY9fxUwlHK0RXw+Y=
github.com/pmezard/go-difflib v1.0.0 h1:4DBwDE0NGyQoBHbLQYPwSUPoCMWR5BEzIk/f1lZbAQM=
github.com/pmezard/go-difflib v1.0.0/go.mod h1:iKH77koFhYxTK1pcRnkKkqfTogsbg7gZNVY4sRDYZ/4=
github.com/sabahtalateh/di v0.0.0-20240430121841-529c2ee1ce36 h1:f+2BfDXWry7yEpfef2unDzD6bn1THsPtsh9e2Hv+Y0o=
github.com/sabahtalateh/di v0.0.0-20240430121841-529c2ee1ce36/go.mod h1:KwWLjz2z2+OgP/Q1jQEHolJ9wHItYOBNCL2HBW8RU1Q=
github.com/sabahtalateh/di v0.0.0-20240430132833-afac3fc782ba h1:lavo5Ic1bvl8iuqxnhxt+mhFC4dYSbkLb84jkZhM3A0=
github.com/sabahtalateh/di v0.0.0-20240430132833-afac3fc782ba/go.mod h1:KwWLjz2z2+OgP/Q1jQEHolJ9wHItYOBNCL2HBW8RU1Q=
github.com/sabahtalateh/di v0.0.0-20240501135720-4b5165424682 h1:7ZsqTKBtrFZbL+SgC3sImOceSpdm/pkZvwihWqgxOTg=
github.com/sabahtalateh/di v0.0.0-20240501135720-4b5165424682/go.mod h1:KwWLjz2z2+OgP/Q1jQEHolJ9wHItYOBNCL2HBW8RU1Q=
github.com/sabahtalateh/di v0.0.0-20240501140038-42545dbe849d h1:7AmSEObmZnmAzTetPAwqvyQFJ3b55DYSD0TuCgkRI1g=
github.com/sabahtalateh/di v0.0.0-20240501140038-42545dbe849d/go.mod h1:KwWLjz2z2+OgP/Q1jQEHolJ9wHItYOBNCL2HBW8RU1Q=
github.com/sabahtalateh/di v0.0.0-20240501140457-0583042bb789 h1:xlMTguvqJjdl8hKbQrxRrpMzlfPGbcNJDV7MKUYy9FI=
github.com/sabahtalateh/di v0.0.0-20240501140457-0583042bb789/go.mod h1:KwWLjz2z2+OgP/Q1jQEHolJ9wHItYOBNCL2HBW8RU1Q=
github.com/sabahtalateh/di v0.0.0-20240502170652-2d1461b2e8be h1:nceotpcBRoXL2NEpzlv8TbiWZeCFzg6QLxwl8tnch38=
github.com/sabahtalateh/di v0.0.0-20240502170652-2d1461b2e8be/go.mod h1:KwWLjz2z2+OgP/Q1jQEHolJ9wHItYOBNCL2HBW8RU1Q=
github.com/stretchr/testify v1.9.0 h1:HtqpIVDClZ4nwg75+f6Lvsy/wHu+3BoSGCbBAcpTsTg=
github.com/stretchr/testify v1.9.0/go.mod h1:r2ic/lqez/lEtzL7wO/rwa5dbSLXVDPFyf8C91i36aY=
golang.org/x/sync v0.7.0 h1:YsImfSBoP9QPYL0xyKJPq0gcaJdG3rInoqxTWbfQu9M=
golang.org/x/sync v0.7.0/go.mod h1:Czt+wKu1gCyEFDUtn0jG5QVvpJ6rzVqr5aXyt9drQfk=
gopkg.in/check.v1 v0.0.0-20161208181325-20d25e280405/go.mod h1:Co6ibVJAznAaIkqp8huTwlJQCZ016jof/cbN4VW5Yz0=
gopkg.in/yaml.v3 v3.0.1 h1:fxVm/GzAzEWqLHuvctI91KS9hhNmmWOoWu0XTYJS7CA=
gopkg.in/yaml.v3 v3.0.1/go.mod h1:K4uyk7z7BCEPqu6E+C64Yfv1cQ7kz7rIZviUmN+EgEM=
